
Microsoft Visual Studio Solution File, Format Version 12.00
# Visual Studio Version 16
VisualStudioVersion = 16.0.31410.357
MinimumVisualStudioVersion = 10.0.40219.1
Project("{FAE04EC0-301F-11D3-BF4B-00C04F79EFBC}") = "RegistroContacto.Android", "RegistroContacto\RegistroContacto.Android\RegistroContacto.Android.csproj", "{285A92F2-34D6-4F48-B42B-0C3818D7C111}"
EndProject
Project("{FAE04EC0-301F-11D3-BF4B-00C04F79EFBC}") = "RegistroContacto", "RegistroContacto\RegistroContacto\RegistroContacto.csproj", "{6C5C04C3-8B3F-42B0-ACE1-98EA210ACCB7}"
EndProject
Global
	GlobalSection(SolutionConfigurationPlatforms) = preSolution
		Debug|Any CPU = Debug|Any CPU
		Release|Any CPU = Release|Any CPU
	EndGlobalSection
	GlobalSection(ProjectConfigurationPlatforms) = postSolution
		{285A92F2-34D6-4F48-B42B-0C3818D7C111}.Debug|Any CPU.ActiveCfg = Debug|Any CPU
		{285A92F2-34D6-4F48-B42B-0C3818D7C111}.Debug|Any CPU.Build.0 = Debug|Any CPU
		{285A92F2-34D6-4F48-B42B-0C3818D7C111}.Debug|Any CPU.Deploy.0 = Debug|Any CPU
		{285A92F2-34D6-4F48-B42B-0C3818D7C111}.Release|Any CPU.ActiveCfg = Release|Any CPU
		{285A92F2-34D6-4F48-B42B-0C3818D7C111}.Release|Any CPU.Build.0 = Release|Any CPU
		{285A92F2-34D6-4F48-B42B-0C3818D7C111}.Release|Any CPU.Deploy.0 = Release|Any CPU
		{6C5C04C3-8B3F-42B0-ACE1-98EA210ACCB7}.Debug|Any CPU.ActiveCfg = Debug|Any CPU
		{6C5C04C3-8B3F-42B0-ACE1-98EA210ACCB7}.Debug|Any CPU.Build.0 = Debug|Any CPU
		{6C5C04C3-8B3F-42B0-ACE1-98EA210ACCB7}.Debug|Any CPU.Deploy.0 = Debug|Any CPU
		{6C5C04C3-8B3F-42B0-ACE1-98EA210ACCB7}.Release|Any CPU.ActiveCfg = Release|Any CPU
		{6C5C04C3-8B3F-42B0-ACE1-98EA210ACCB7}.Release|Any CPU.Build.0 = Release|Any CPU
		{6C5C04C3-8B3F-42B0-ACE1-98EA210ACCB7}.Release|Any CPU.Deploy.0 = Release|Any CPU
	EndGlobalSection
	GlobalSection(SolutionProperties) = preSolution
		HideSolutionNode = FALSE
	EndGlobalSection
	GlobalSection(ExtensibilityGlobals) = postSolution
		SolutionGuid = {770A0DF7-4EC8-4EE1-875A-2F5C82DBC972}
	EndGlobalSection
EndGlobal
